
Microsoft Visual Studio Solution File, Format Version 12.00
# Visual Studio Version 16
VisualStudioVersion = 16.0.30717.126
MinimumVisualStudioVersion = 10.0.40219.1
Project("{FAE04EC0-301F-11D3-BF4B-00C04F79EFBC}") = "Main", "EFProject\Main.csproj", "{0AF2FB40-6367-4573-B16E-F817E5724E74}"
EndProject
Project("{FAE04EC0-301F-11D3-BF4B-00C04F79EFBC}") = "Infrastructure", "Infrastructure\Infrastructure.csproj", "{9BC83177-338C-4C14-8DF1-4CB88737CDF2}"
EndProject
Project("{FAE04EC0-301F-11D3-BF4B-00C04F79EFBC}") = "Core", "Startup\Core.csproj", "{F0FECFD6-08DB-45DB-BA1B-40E1588B2364}"
EndProject
Global
	GlobalSection(SolutionConfigurationPlatforms) = preSolution
		Debug|Any CPU = Debug|Any CPU
		Release|Any CPU = Release|Any CPU
	EndGlobalSection
	GlobalSection(ProjectConfigurationPlatforms) = postSolution
		{0AF2FB40-6367-4573-B16E-F817E5724E74}.Debug|Any CPU.ActiveCfg = Debug|Any CPU
		{0AF2FB40-6367-4573-B16E-F817E5724E74}.Debug|Any CPU.Build.0 = Debug|Any CPU
		{0AF2FB40-6367-4573-B16E-F817E5724E74}.Release|Any CPU.ActiveCfg = Release|Any CPU
		{0AF2FB40-6367-4573-B16E-F817E5724E74}.Release|Any CPU.Build.0 = Release|Any CPU
		{9BC83177-338C-4C14-8DF1-4CB88737CDF2}.Debug|Any CPU.ActiveCfg = Debug|Any CPU
		{9BC83177-338C-4C14-8DF1-4CB88737CDF2}.Debug|Any CPU.Build.0 = Debug|Any CPU
		{9BC83177-338C-4C14-8DF1-4CB88737CDF2}.Release|Any CPU.ActiveCfg = Release|Any CPU
		{9BC83177-338C-4C14-8DF1-4CB88737CDF2}.Release|Any CPU.Build.0 = Release|Any CPU
		{F0FECFD6-08DB-45DB-BA1B-40E1588B2364}.Debug|Any CPU.ActiveCfg = Debug|Any CPU
		{F0FECFD6-08DB-45DB-BA1B-40E1588B2364}.Debug|Any CPU.Build.0 = Debug|Any CPU
		{F0FECFD6-08DB-45DB-BA1B-40E1588B2364}.Release|Any CPU.ActiveCfg = Release|Any CPU
		{F0FECFD6-08DB-45DB-BA1B-40E1588B2364}.Release|Any CPU.Build.0 = Release|Any CPU
	EndGlobalSection
	GlobalSection(SolutionProperties) = preSolution
		HideSolutionNode = FALSE
	EndGlobalSection
	GlobalSection(ExtensibilityGlobals) = postSolution
		SolutionGuid = {FD82BA6E-FF2F-4B9E-9FE9-36342FF8CEAB}
	EndGlobalSection
EndGlobal
